
Microsoft Visual Studio Solution File, Format Version 12.00
# Visual Studio Version 17
VisualStudioVersion = 17.0.31903.59
MinimumVisualStudioVersion = 10.0.40219.1
Project("{FAE04EC0-301F-11D3-BF4B-00C04F79EFBC}") = "FoodStore.Web", "FoodStore.Web\FoodStore.Web.csproj", "{EE239445-9119-4314-889D-5BE3314C7133}"
EndProject
Global
	GlobalSection(SolutionConfigurationPlatforms) = preSolution
		Debug|Any CPU = Debug|Any CPU
		Release|Any CPU = Release|Any CPU
	EndGlobalSection
	GlobalSection(SolutionProperties) = preSolution
		HideSolutionNode = FALSE
	EndGlobalSection
	GlobalSection(ProjectConfigurationPlatforms) = postSolution
		{EE239445-9119-4314-889D-5BE3314C7133}.Debug|Any CPU.ActiveCfg = Debug|Any CPU
		{EE239445-9119-4314-889D-5BE3314C7133}.Debug|Any CPU.Build.0 = Debug|Any CPU
		{EE239445-9119-4314-889D-5BE3314C7133}.Release|Any CPU.ActiveCfg = Release|Any CPU
		{EE239445-9119-4314-889D-5BE3314C7133}.Release|Any CPU.Build.0 = Release|Any CPU
	EndGlobalSection
EndGlobal
